
Microsoft Visual Studio Solution File, Format Version 12.00
# Visual Studio Version 17
VisualStudioVersion = 17.9.34902.65
MinimumVisualStudioVersion = 10.0.40219.1
Project("{8BC9CEB8-8B4A-11D0-8D11-00A0C91BC942}") = "define_function", "define_function\define_function.vcxproj", "{261A4A2F-E465-429E-8537-C748BEEEB373}"
EndProject
Global
	GlobalSection(SolutionConfigurationPlatforms) = preSolution
		Debug|x64 = Debug|x64
		Debug|x86 = Debug|x86
		Release|x64 = Release|x64
		Release|x86 = Release|x86
	EndGlobalSection
	GlobalSection(ProjectConfigurationPlatforms) = postSolution
		{261A4A2F-E465-429E-8537-C748BEEEB373}.Debug|x64.ActiveCfg = Debug|x64
		{261A4A2F-E465-429E-8537-C748BEEEB373}.Debug|x64.Build.0 = Debug|x64
		{261A4A2F-E465-429E-8537-C748BEEEB373}.Debug|x86.ActiveCfg = Debug|Win32
		{261A4A2F-E465-429E-8537-C748BEEEB373}.Debug|x86.Build.0 = Debug|Win32
		{261A4A2F-E465-429E-8537-C748BEEEB373}.Release|x64.ActiveCfg = Release|x64
		{261A4A2F-E465-429E-8537-C748BEEEB373}.Release|x64.Build.0 = Release|x64
		{261A4A2F-E465-429E-8537-C748BEEEB373}.Release|x86.ActiveCfg = Release|Win32
		{261A4A2F-E465-429E-8537-C748BEEEB373}.Release|x86.Build.0 = Release|Win32
	EndGlobalSection
	GlobalSection(SolutionProperties) = preSolution
		HideSolutionNode = FALSE
	EndGlobalSection
	GlobalSection(ExtensibilityGlobals) = postSolution
		SolutionGuid = {EA17A590-CE42-4594-8B58-23E7A50113E9}
	EndGlobalSection
EndGlobal
